{
  "version": 4,
  "terraform_version": "1.14.3",
  "serial": 4,
  "lineage": "74234866-9c38-30ff-f7b1-4a0f55874c03",
  "outputs": {
    "cloudflare_staging_access_key_id": {
      "value": "AKIAV75FC5FRY2T2ZBWR",
      "type": "string"
    },
    "cloudflare_staging_secret_access_key": {
      "value": "2V0LX8A1nOHqAMnYL87Kr2CdHB1aKl/hoDKHvck3",
      "type": "string",
      "sensitive": true
    }
  },
  "resources": [
    {
      "mode": "managed",
      "type": "aws_iam_access_key",
      "name": "cloudflare_staging",
      "provider": "provider[\"registry.terraform.io/hashicorp/aws\"]",
      "instances": [
        {
          "schema_version": 0,
          "attributes": {
            "create_date": "2026-07-29T07:05:48Z",
            "encrypted_secret": null,
            "encrypted_ses_smtp_password_v4": null,
            "id": "AKIAV75FC5FRY2T2ZBWR",
            "key_fingerprint": null,
            "pgp_key": null,
            "secret": "2V0LX8A1nOHqAMnYL87Kr2CdHB1aKl/hoDKHvck3",
            "ses_smtp_password_v4": "BIqWr4rcfirI9hIxkwG3DYeWknIOn+8YpKMT8Xhmvrgi",
            "status": "Active",
            "user": "keto-granola-staging-cloudflare"
          },
          "sensitive_attributes": [
            [
              {
                "type": "get_attr",
                "value": "secret"
              }
            ],
            [
              {
                "type": "get_attr",
                "value": "ses_smtp_password_v4"
              }
            ]
          ],
          "identity_schema_version": 0,
          "private": "bnVsbA==",
          "dependencies": [
            "aws_iam_user.cloudflare_staging"
          ]
        }
      ]
    },
    {
      "mode": "managed",
      "type": "aws_iam_user",
      "name": "cloudflare_staging",
      "provider": "provider[\"registry.terraform.io/hashicorp/aws\"]",
      "instances": [
        {
          "schema_version": 0,
          "attributes": {
            "arn": "arn:aws:iam::412126210403:user/keto-granola-staging-cloudflare",
            "force_destroy": false,
            "id": "keto-granola-staging-cloudflare",
            "name": "keto-granola-staging-cloudflare",
            "path": "/",
            "permissions_boundary": "",
            "tags": null,
            "tags_all": {},
            "unique_id": "AIDAV75FC5FRZ2PMWJ536"
          },
          "sensitive_attributes": [],
          "identity_schema_version": 0,
          "private": "bnVsbA=="
        }
      ]
    },
    {
      "mode": "managed",
      "type": "aws_s3_bucket",
      "name": "tf_state",
      "provider": "provider[\"registry.terraform.io/hashicorp/aws\"]",
      "instances": [
        {
          "status": "tainted",
          "schema_version": 0,
          "attributes": {
            "acceleration_status": null,
            "acl": null,
            "arn": null,
            "bucket": "keto-granola-staging-tfstate",
            "bucket_domain_name": null,
            "bucket_prefix": null,
            "bucket_regional_domain_name": null,
            "cors_rule": null,
            "force_destroy": false,
            "grant": [],
            "hosted_zone_id": null,
            "id": "keto-granola-staging-tfstate",
            "lifecycle_rule": null,
            "logging": null,
            "object_lock_configuration": null,
            "object_lock_enabled": null,
            "policy": null,
            "region": null,
            "replication_configuration": null,
            "request_payer": null,
            "server_side_encryption_configuration": null,
            "tags": null,
            "tags_all": null,
            "timeouts": null,
            "versioning": null,
            "website": null,
            "website_domain": null,
            "website_endpoint": null
          },
          "sensitive_attributes": [],
          "identity_schema_version": 0,
          "private": "eyJlMmJmYjczMC1lY2FhLTExZTYtOGY4OC0zNDM2M2JjN2M0YzAiOnsiY3JlYXRlIjoxMjAwMDAwMDAwMDAwLCJkZWxldGUiOjM2MDAwMDAwMDAwMDAsInJlYWQiOjEyMDAwMDAwMDAwMDAsInVwZGF0ZSI6MTIwMDAwMDAwMDAwMH19"
        }
      ]
    }
  ],
  "check_results": null
}
